
Microsoft Visual Studio Solution File, Format Version 12.00
# Visual Studio 15
VisualStudioVersion = 15.0.26430.12
MinimumVisualStudioVersion = 10.0.40219.1
Project("{FAE04EC0-301F-11D3-BF4B-00C04F79EFBC}") = "Project 1", "Project 1\Project 1.csproj", "{2945DC1C-466E-43BA-915E-D022B707805F}"
EndProject
Global
	GlobalSection(SolutionConfigurationPlatforms) = preSolution
		Debug|Any CPU = Debug|Any CPU
		Release|Any CPU = Release|Any CPU
	EndGlobalSection
	GlobalSection(ProjectConfigurationPlatforms) = postSolution
		{2945DC1C-466E-43BA-915E-D022B707805F}.Debug|Any CPU.ActiveCfg = Debug|Any CPU
		{2945DC1C-466E-43BA-915E-D022B707805F}.Debug|Any CPU.Build.0 = Debug|Any CPU
		{2945DC1C-466E-43BA-915E-D022B707805F}.Release|Any CPU.ActiveCfg = Release|Any CPU
		{2945DC1C-466E-43BA-915E-D022B707805F}.Release|Any CPU.Build.0 = Release|Any CPU
	EndGlobalSection
	GlobalSection(SolutionProperties) = preSolution
		HideSolutionNode = FALSE
	EndGlobalSection
EndGlobal
